
Microsoft Visual Studio Solution File, Format Version 12.00
# Visual Studio 15
VisualStudioVersion = 15.0.28010.2046
MinimumVisualStudioVersion = 10.0.40219.1
Project("{FAE04EC0-301F-11D3-BF4B-00C04F79EFBC}") = "GeometryGymIFC", "GeometryGymIFC\GeometryGymIFC.csproj", "{6CD3BE38-25BC-4FCF-9426-D15ED4D4657C}"
EndProject
Project("{FAE04EC0-301F-11D3-BF4B-00C04F79EFBC}") = "GeometryGymFC.NetCore", "GeometryGymFC.NetCore\GeometryGymFC.NetCore.csproj", "{50A9DA98-64DE-4003-9CA9-51C7DDA2B838}"
EndProject
Global
	GlobalSection(SolutionConfigurationPlatforms) = preSolution
		Debug|Any CPU = Debug|Any CPU
		Debug|x64 = Debug|x64
		Debug|x86 = Debug|x86
		Release|Any CPU = Release|Any CPU
		Release|x64 = Release|x64
		Release|x86 = Release|x86
	EndGlobalSection
	GlobalSection(ProjectConfigurationPlatforms) = postSolution
		{6CD3BE38-25BC-4FCF-9426-D15ED4D4657C}.Debug|Any CPU.ActiveCfg = Debug|Any CPU
		{6CD3BE38-25BC-4FCF-9426-D15ED4D4657C}.Debug|Any CPU.Build.0 = Debug|Any CPU
		{6CD3BE38-25BC-4FCF-9426-D15ED4D4657C}.Debug|x64.ActiveCfg = Debug|Any CPU
		{6CD3BE38-25BC-4FCF-9426-D15ED4D4657C}.Debug|x86.ActiveCfg = Debug|Any CPU
		{6CD3BE38-25BC-4FCF-9426-D15ED4D4657C}.Release|Any CPU.ActiveCfg = Release|Any CPU
		{6CD3BE38-25BC-4FCF-9426-D15ED4D4657C}.Release|Any CPU.Build.0 = Release|Any CPU
		{6CD3BE38-25BC-4FCF-9426-D15ED4D4657C}.Release|x64.ActiveCfg = Release|Any CPU
		{6CD3BE38-25BC-4FCF-9426-D15ED4D4657C}.Release|x86.ActiveCfg = Release|Any CPU
		{50A9DA98-64DE-4003-9CA9-51C7DDA2B838}.Debug|Any CPU.ActiveCfg = Debug|Any CPU
		{50A9DA98-64DE-4003-9CA9-51C7DDA2B838}.Debug|Any CPU.Build.0 = Debug|Any CPU
		{50A9DA98-64DE-4003-9CA9-51C7DDA2B838}.Debug|x64.ActiveCfg = Debug|Any CPU
		{50A9DA98-64DE-4003-9CA9-51C7DDA2B838}.Debug|x64.Build.0 = Debug|Any CPU
		{50A9DA98-64DE-4003-9CA9-51C7DDA2B838}.Debug|x86.ActiveCfg = Debug|Any CPU
		{50A9DA98-64DE-4003-9CA9-51C7DDA2B838}.Debug|x86.Build.0 = Debug|Any CPU
		{50A9DA98-64DE-4003-9CA9-51C7DDA2B838}.Release|Any CPU.ActiveCfg = Release|Any CPU
		{50A9DA98-64DE-4003-9CA9-51C7DDA2B838}.Release|Any CPU.Build.0 = Release|Any CPU
		{50A9DA98-64DE-4003-9CA9-51C7DDA2B838}.Release|x64.ActiveCfg = Release|Any CPU
		{50A9DA98-64DE-4003-9CA9-51C7DDA2B838}.Release|x64.Build.0 = Release|Any CPU
		{50A9DA98-64DE-4003-9CA9-51C7DDA2B838}.Release|x86.ActiveCfg = Release|Any CPU
		{50A9DA98-64DE-4003-9CA9-51C7DDA2B838}.Release|x86.Build.0 = Release|Any CPU
	EndGlobalSection
	GlobalSection(SolutionProperties) = preSolution
		HideSolutionNode = FALSE
	EndGlobalSection
	GlobalSection(ExtensibilityGlobals) = postSolution
		SolutionGuid = {14E4A1EF-66BF-4BD4-BB03-F684B13572F4}
	EndGlobalSection
EndGlobal
